
Microsoft Visual Studio Solution File, Format Version 12.00
# Visual Studio Version 16
VisualStudioVersion = 16.0.30503.244
MinimumVisualStudioVersion = 10.0.40219.1
Project("{8BC9CEB8-8B4A-11D0-8D11-00A0C91BC942}") = "assignment_chapter_3", "assignment_chapter_3.vcxproj", "{82037072-2694-456A-870B-4B08B8005071}"
EndProject
Global
	GlobalSection(SolutionConfigurationPlatforms) = preSolution
		Debug|x64 = Debug|x64
		Debug|x86 = Debug|x86
		Release|x64 = Release|x64
		Release|x86 = Release|x86
	EndGlobalSection
	GlobalSection(ProjectConfigurationPlatforms) = postSolution
		{82037072-2694-456A-870B-4B08B8005071}.Debug|x64.ActiveCfg = Debug|x64
		{82037072-2694-456A-870B-4B08B8005071}.Debug|x64.Build.0 = Debug|x64
		{82037072-2694-456A-870B-4B08B8005071}.Debug|x86.ActiveCfg = Debug|Win32
		{82037072-2694-456A-870B-4B08B8005071}.Debug|x86.Build.0 = Debug|Win32
		{82037072-2694-456A-870B-4B08B8005071}.Release|x64.ActiveCfg = Release|x64
		{82037072-2694-456A-870B-4B08B8005071}.Release|x64.Build.0 = Release|x64
		{82037072-2694-456A-870B-4B08B8005071}.Release|x86.ActiveCfg = Release|Win32
		{82037072-2694-456A-870B-4B08B8005071}.Release|x86.Build.0 = Release|Win32
	EndGlobalSection
	GlobalSection(SolutionProperties) = preSolution
		HideSolutionNode = FALSE
	EndGlobalSection
	GlobalSection(ExtensibilityGlobals) = postSolution
		SolutionGuid = {D7F7CC31-5AFE-4014-A59A-CB8F15AE1617}
	EndGlobalSection
EndGlobal
